
Microsoft Visual Studio Solution File, Format Version 12.00
# Visual Studio Version 16
VisualStudioVersion = 16.0.31205.134
MinimumVisualStudioVersion = 10.0.40219.1
Project("{FAE04EC0-301F-11D3-BF4B-00C04F79EFBC}") = "asdasd", "asdasd\asdasd.csproj", "{A9121463-4CD0-40EA-8A3F-8C59C6F9E1C9}"
EndProject
Global
	GlobalSection(SolutionConfigurationPlatforms) = preSolution
		Debug|Any CPU = Debug|Any CPU
		Release|Any CPU = Release|Any CPU
	EndGlobalSection
	GlobalSection(ProjectConfigurationPlatforms) = postSolution
		{A9121463-4CD0-40EA-8A3F-8C59C6F9E1C9}.Debug|Any CPU.ActiveCfg = Debug|Any CPU
		{A9121463-4CD0-40EA-8A3F-8C59C6F9E1C9}.Debug|Any CPU.Build.0 = Debug|Any CPU
		{A9121463-4CD0-40EA-8A3F-8C59C6F9E1C9}.Release|Any CPU.ActiveCfg = Release|Any CPU
		{A9121463-4CD0-40EA-8A3F-8C59C6F9E1C9}.Release|Any CPU.Build.0 = Release|Any CPU
	EndGlobalSection
	GlobalSection(SolutionProperties) = preSolution
		HideSolutionNode = FALSE
	EndGlobalSection
	GlobalSection(ExtensibilityGlobals) = postSolution
		SolutionGuid = {F343485E-F360-4BCB-B179-F9AEFB1A40BB}
	EndGlobalSection
EndGlobal
